
Microsoft Visual Studio Solution File, Format Version 12.00
# Visual Studio Version 17
VisualStudioVersion = 17.13.35919.96 d17.13
MinimumVisualStudioVersion = 10.0.40219.1
Project("{FAE04EC0-301F-11D3-BF4B-00C04F79EFBC}") = "Academico_Dependencia", "Academico_Dependencia.csproj", "{8F4D1A84-CAFA-4D90-98B6-15EB48FE5233}"
EndProject
Global
	GlobalSection(SolutionConfigurationPlatforms) = preSolution
		Debug|Any CPU = Debug|Any CPU
		Release|Any CPU = Release|Any CPU
	EndGlobalSection
	GlobalSection(ProjectConfigurationPlatforms) = postSolution
		{8F4D1A84-CAFA-4D90-98B6-15EB48FE5233}.Debug|Any CPU.ActiveCfg = Debug|Any CPU
		{8F4D1A84-CAFA-4D90-98B6-15EB48FE5233}.Debug|Any CPU.Build.0 = Debug|Any CPU
		{8F4D1A84-CAFA-4D90-98B6-15EB48FE5233}.Release|Any CPU.ActiveCfg = Release|Any CPU
		{8F4D1A84-CAFA-4D90-98B6-15EB48FE5233}.Release|Any CPU.Build.0 = Release|Any CPU
	EndGlobalSection
	GlobalSection(SolutionProperties) = preSolution
		HideSolutionNode = FALSE
	EndGlobalSection
	GlobalSection(ExtensibilityGlobals) = postSolution
		SolutionGuid = {25149396-87B1-4BA4-AE63-47E798D187DC}
	EndGlobalSection
EndGlobal
